# This file is @generated by PDM.
# It is not intended for manual editing.

[metadata]
groups = ["default"]
strategy = ["inherit_metadata"]
lock_version = "4.5.0"
content_hash = "sha256:952dde9f698ba39f840fb00a811907ff04f96487d1b7af73fb8c6d6fdb76a79a"

[[metadata.targets]]
requires_python = ">=3.10"

[[package]]
name = "check-os-ver"
version = "0.2.1"
requires_python = ">=3.10"
summary = "Default template for PDM package"
groups = ["default"]
files = [
    {file = "check_os_ver-0.2.1-py3-none-any.whl", hash = "sha256:16611c9ca27ea8ddc89ce87ccbbf3d25bbf114856cf6c5be4bb936c99914090e"},
    {file = "check_os_ver-0.2.1.tar.gz", hash = "sha256:f99d0889432a520b26f3bd51f43077304505071edf42f38c63fbcaf2d4f41ad2"},
]

[[package]]
name = "cho-check-os-ver"
version = "0.2.3"
requires_python = ">=3.10"
summary = "Default template for PDM package"
groups = ["default"]
files = [
    {file = "cho_check_os_ver-0.2.3-py3-none-any.whl", hash = "sha256:2f3dae60aa71b4b36aab2e2bbb260291000fe62cb661a53e7ebaa2430b119f76"},
    {file = "cho_check_os_ver-0.2.3.tar.gz", hash = "sha256:9cd896d92dea21b41de8ebf69b5d0099dbfdddeb25455cc04ad61dd09c74c3d2"},
]

[[package]]
name = "hj-check-os-version"
version = "0.2.1"
requires_python = ">=3.10"
summary = "Default template for PDM package"
groups = ["default"]
files = [
    {file = "hj_check_os_version-0.2.1-py3-none-any.whl", hash = "sha256:312ba49265b057d0a535fc36a8584c5360e595f1ab7539c269384fdcf6cef609"},
    {file = "hj_check_os_version-0.2.1.tar.gz", hash = "sha256:060ebe4a4323f03248e1902997c943e948272ca856da15874e6f10c8b3185e00"},
]

[[package]]
name = "jacob-os-version-check"
version = "0.2.4"
requires_python = ">=3.10"
summary = "Detects and outputs the os vesion."
groups = ["default"]
files = [
    {file = "jacob_os_version_check-0.2.4-py3-none-any.whl", hash = "sha256:96d7235254a48f6370133c9d519b5211beaf854463bfe63f30b27c44e76cf57a"},
    {file = "jacob_os_version_check-0.2.4.tar.gz", hash = "sha256:cb94a39ac773beac47d53e0def89ac21ff67595df2af3160b04f19b0f2828d85"},
]

[[package]]
name = "lucas-check-os-ver"
version = "0.2.0"
requires_python = ">=3.10"
summary = "Default template for PDM package"
groups = ["default"]
files = [
    {file = "lucas_check_os_ver-0.2.0-py3-none-any.whl", hash = "sha256:e2ac1909f8f877fca695bebe41f97daed231775f25942f484fdfd0d9eb378d74"},
    {file = "lucas_check_os_ver-0.2.0.tar.gz", hash = "sha256:fafee2978301ba6e4888bf976128e90c2d643e48482f607a516da8ddc8fdb7c2"},
]

[[package]]
name = "nunininu-check-os-ver"
version = "0.3.0"
requires_python = ">=3.10"
summary = "Default template for PDM package"
groups = ["default"]
files = [
    {file = "nunininu_check_os_ver-0.3.0-py3-none-any.whl", hash = "sha256:e8c959b4abfea7ffcad47bbf2a12e2a7b91f897152062358ea110cbd5b8a66dc"},
    {file = "nunininu_check_os_ver-0.3.0.tar.gz", hash = "sha256:22f8e58cf7ed57376b3ad168c77264515f5b7d60e7a2eefa56bf0572217fb90b"},
]

[[package]]
name = "stundrg-check-os-ver"
version = "0.2.3"
requires_python = ">=3.10"
summary = "Utility that checks the name and version of the operating system."
groups = ["default"]
files = [
    {file = "stundrg_check_os_ver-0.2.3-py3-none-any.whl", hash = "sha256:35736bd2c8c23f944f41adaa7ffdf9a4497978bd68fc4ae039500c0601606845"},
    {file = "stundrg_check_os_ver-0.2.3.tar.gz", hash = "sha256:7dc6cc7439017e2526219bd5132710fffc0b1c3fadaec91fde9fb30bcea6707b"},
]
